
Microsoft Visual Studio Solution File, Format Version 12.00
# Visual Studio 15
VisualStudioVersion = 15.0.27130.2027
MinimumVisualStudioVersion = 10.0.40219.1
Project("{FAE04EC0-301F-11D3-BF4B-00C04F79EFBC}") = "LinMaggieTextEncrypter", "0210\LinMaggieTextEncrypter.csproj", "{76052B78-A6C1-4E0F-B91C-32BB4C8ABC81}"
EndProject
Global
	GlobalSection(SolutionConfigurationPlatforms) = preSolution
		Debug|Any CPU = Debug|Any CPU
		Release|Any CPU = Release|Any CPU
	EndGlobalSection
	GlobalSection(ProjectConfigurationPlatforms) = postSolution
		{76052B78-A6C1-4E0F-B91C-32BB4C8ABC81}.Debug|Any CPU.ActiveCfg = Debug|Any CPU
		{76052B78-A6C1-4E0F-B91C-32BB4C8ABC81}.Debug|Any CPU.Build.0 = Debug|Any CPU
		{76052B78-A6C1-4E0F-B91C-32BB4C8ABC81}.Release|Any CPU.ActiveCfg = Release|Any CPU
		{76052B78-A6C1-4E0F-B91C-32BB4C8ABC81}.Release|Any CPU.Build.0 = Release|Any CPU
	EndGlobalSection
	GlobalSection(SolutionProperties) = preSolution
		HideSolutionNode = FALSE
	EndGlobalSection
	GlobalSection(ExtensibilityGlobals) = postSolution
		SolutionGuid = {2E2666FD-7C0E-46FF-8EC8-7C0F02F7348A}
	EndGlobalSection
EndGlobal
